
Microsoft Visual Studio Solution File, Format Version 12.00
# Visual Studio Version 16
VisualStudioVersion = 16.0.31005.135
MinimumVisualStudioVersion = 10.0.40219.1
Project("{2150E333-8FDC-42A3-9474-1A3956D46DE8}") = "Services", "Services", "{385337CE-75A3-4A73-B77A-B0B74794892F}"
EndProject
Project("{2150E333-8FDC-42A3-9474-1A3956D46DE8}") = "Catalog", "Catalog", "{A84414DE-E851-4B70-BD7E-00365B84BF92}"
EndProject
Project("{9A19103F-16F7-4668-BE54-9A1E7A4F7556}") = "Catalog.API", "Services\Catalog\Catalog.API\Catalog.API.csproj", "{29A8DE87-B667-4FFA-B4DE-436FDFC9121D}"
EndProject
Project("{E53339B2-1760-4266-BCC7-CA923CBCF16C}") = "docker-compose", "docker-compose.dcproj", "{A893C41E-54BA-4C26-A433-D343528FF4EA}"
EndProject
Project("{2150E333-8FDC-42A3-9474-1A3956D46DE8}") = "Basket", "Basket", "{03DF594E-1ED9-4DBA-A3A8-3C2DC6D5D1A0}"
EndProject
Project("{9A19103F-16F7-4668-BE54-9A1E7A4F7556}") = "Basket.API", "Services\Basket\Basket.API\Basket.API.csproj", "{65A02630-54FE-41BD-A3B1-CDE2708E6D75}"
EndProject
Project("{2150E333-8FDC-42A3-9474-1A3956D46DE8}") = "Discount", "Discount", "{4F5AE1E7-F497-416D-ADB9-7EE3AF2E8351}"
EndProject
Project("{9A19103F-16F7-4668-BE54-9A1E7A4F7556}") = "Discount.API", "Services\Discount\Discount.API\Discount.API.csproj", "{5FA59AA6-3676-4956-8D3D-6AE7F95975C0}"
EndProject
Project("{9A19103F-16F7-4668-BE54-9A1E7A4F7556}") = "Discount.Grpc", "Services\Discount\Discount.Grpc\Discount.Grpc.csproj", "{7B6D5AF4-CA09-4382-B886-7C08B10E7B96}"
EndProject
Project("{2150E333-8FDC-42A3-9474-1A3956D46DE8}") = "Ordering", "Ordering", "{9C86D3A2-CD15-47DB-8E3B-D4C0151C420E}"
EndProject
Project("{9A19103F-16F7-4668-BE54-9A1E7A4F7556}") = "Ordering.API", "Services\Ordering\Ordering.API\Ordering.API.csproj", "{E0BACC47-89C6-486C-ACF6-4F9F2424544E}"
	ProjectSection(ProjectDependencies) = postProject
		{8AC79646-1DC3-416C-B0FA-10EB9BB2115A} = {8AC79646-1DC3-416C-B0FA-10EB9BB2115A}
	EndProjectSection
EndProject
Project("{9A19103F-16F7-4668-BE54-9A1E7A4F7556}") = "Ordering.Domain", "Services\Ordering\Ordering.Domain\Ordering.Domain.csproj", "{70880D26-A6F8-4FBA-8E1C-C97983A84617}"
EndProject
Project("{9A19103F-16F7-4668-BE54-9A1E7A4F7556}") = "Ordering.Application", "Services\Ordering\Ordering.Application\Ordering.Application.csproj", "{8AC79646-1DC3-416C-B0FA-10EB9BB2115A}"
EndProject
Project("{9A19103F-16F7-4668-BE54-9A1E7A4F7556}") = "Ordering.Infrastructure", "Services\Ordering\Ordering.Infrastructure\Ordering.Infrastructure.csproj", "{1C85BB3C-33D6-4F72-B5AF-A5980B2B0A4A}"
EndProject
Project("{2150E333-8FDC-42A3-9474-1A3956D46DE8}") = "BuildingBlocks", "BuildingBlocks", "{F0851B8C-3FCB-40E6-995C-804EC57E3434}"
EndProject
Project("{FAE04EC0-301F-11D3-BF4B-00C04F79EFBC}") = "EventBus.Message", "BuildingBlocks\EventBus.Message\EventBus.Message.csproj", "{2C50B81E-25FE-4D7F-AB0D-2D63EE3A40C9}"
EndProject
Global
	GlobalSection(SolutionConfigurationPlatforms) = preSolution
		Debug|Any CPU = Debug|Any CPU
		Release|Any CPU = Release|Any CPU
	EndGlobalSection
	GlobalSection(ProjectConfigurationPlatforms) = postSolution
		{29A8DE87-B667-4FFA-B4DE-436FDFC9121D}.Debug|Any CPU.ActiveCfg = Debug|Any CPU
		{29A8DE87-B667-4FFA-B4DE-436FDFC9121D}.Debug|Any CPU.Build.0 = Debug|Any CPU
		{29A8DE87-B667-4FFA-B4DE-436FDFC9121D}.Release|Any CPU.ActiveCfg = Release|Any CPU
		{29A8DE87-B667-4FFA-B4DE-436FDFC9121D}.Release|Any CPU.Build.0 = Release|Any CPU
		{A893C41E-54BA-4C26-A433-D343528FF4EA}.Debug|Any CPU.ActiveCfg = Debug|Any CPU
		{A893C41E-54BA-4C26-A433-D343528FF4EA}.Debug|Any CPU.Build.0 = Debug|Any CPU
		{A893C41E-54BA-4C26-A433-D343528FF4EA}.Release|Any CPU.ActiveCfg = Release|Any CPU
		{A893C41E-54BA-4C26-A433-D343528FF4EA}.Release|Any CPU.Build.0 = Release|Any CPU
		{65A02630-54FE-41BD-A3B1-CDE2708E6D75}.Debug|Any CPU.ActiveCfg = Debug|Any CPU
		{65A02630-54FE-41BD-A3B1-CDE2708E6D75}.Debug|Any CPU.Build.0 = Debug|Any CPU
		{65A02630-54FE-41BD-A3B1-CDE2708E6D75}.Release|Any CPU.ActiveCfg = Release|Any CPU
		{65A02630-54FE-41BD-A3B1-CDE2708E6D75}.Release|Any CPU.Build.0 = Release|Any CPU
		{5FA59AA6-3676-4956-8D3D-6AE7F95975C0}.Debug|Any CPU.ActiveCfg = Debug|Any CPU
		{5FA59AA6-3676-4956-8D3D-6AE7F95975C0}.Debug|Any CPU.Build.0 = Debug|Any CPU
		{5FA59AA6-3676-4956-8D3D-6AE7F95975C0}.Release|Any CPU.ActiveCfg = Release|Any CPU
		{5FA59AA6-3676-4956-8D3D-6AE7F95975C0}.Release|Any CPU.Build.0 = Release|Any CPU
		{7B6D5AF4-CA09-4382-B886-7C08B10E7B96}.Debug|Any CPU.ActiveCfg = Debug|Any CPU
		{7B6D5AF4-CA09-4382-B886-7C08B10E7B96}.Debug|Any CPU.Build.0 = Debug|Any CPU
		{7B6D5AF4-CA09-4382-B886-7C08B10E7B96}.Release|Any CPU.ActiveCfg = Release|Any CPU
		{7B6D5AF4-CA09-4382-B886-7C08B10E7B96}.Release|Any CPU.Build.0 = Release|Any CPU
		{E0BACC47-89C6-486C-ACF6-4F9F2424544E}.Debug|Any CPU.ActiveCfg = Debug|Any CPU
		{E0BACC47-89C6-486C-ACF6-4F9F2424544E}.Debug|Any CPU.Build.0 = Debug|Any CPU
		{E0BACC47-89C6-486C-ACF6-4F9F2424544E}.Release|Any CPU.ActiveCfg = Release|Any CPU
		{E0BACC47-89C6-486C-ACF6-4F9F2424544E}.Release|Any CPU.Build.0 = Release|Any CPU
		{70880D26-A6F8-4FBA-8E1C-C97983A84617}.Debug|Any CPU.ActiveCfg = Debug|Any CPU
		{70880D26-A6F8-4FBA-8E1C-C97983A84617}.Debug|Any CPU.Build.0 = Debug|Any CPU
		{70880D26-A6F8-4FBA-8E1C-C97983A84617}.Release|Any CPU.ActiveCfg = Release|Any CPU
		{70880D26-A6F8-4FBA-8E1C-C97983A84617}.Release|Any CPU.Build.0 = Release|Any CPU
		{8AC79646-1DC3-416C-B0FA-10EB9BB2115A}.Debug|Any CPU.ActiveCfg = Debug|Any CPU
		{8AC79646-1DC3-416C-B0FA-10EB9BB2115A}.Debug|Any CPU.Build.0 = Debug|Any CPU
		{8AC79646-1DC3-416C-B0FA-10EB9BB2115A}.Release|Any CPU.ActiveCfg = Release|Any CPU
		{8AC79646-1DC3-416C-B0FA-10EB9BB2115A}.Release|Any CPU.Build.0 = Release|Any CPU
		{1C85BB3C-33D6-4F72-B5AF-A5980B2B0A4A}.Debug|Any CPU.ActiveCfg = Debug|Any CPU
		{1C85BB3C-33D6-4F72-B5AF-A5980B2B0A4A}.Debug|Any CPU.Build.0 = Debug|Any CPU
		{1C85BB3C-33D6-4F72-B5AF-A5980B2B0A4A}.Release|Any CPU.ActiveCfg = Release|Any CPU
		{1C85BB3C-33D6-4F72-B5AF-A5980B2B0A4A}.Release|Any CPU.Build.0 = Release|Any CPU
		{2C50B81E-25FE-4D7F-AB0D-2D63EE3A40C9}.Debug|Any CPU.ActiveCfg = Debug|Any CPU
		{2C50B81E-25FE-4D7F-AB0D-2D63EE3A40C9}.Debug|Any CPU.Build.0 = Debug|Any CPU
		{2C50B81E-25FE-4D7F-AB0D-2D63EE3A40C9}.Release|Any CPU.ActiveCfg = Release|Any CPU
		{2C50B81E-25FE-4D7F-AB0D-2D63EE3A40C9}.Release|Any CPU.Build.0 = Release|Any CPU
	EndGlobalSection
	GlobalSection(SolutionProperties) = preSolution
		HideSolutionNode = FALSE
	EndGlobalSection
	GlobalSection(NestedProjects) = preSolution
		{A84414DE-E851-4B70-BD7E-00365B84BF92} = {385337CE-75A3-4A73-B77A-B0B74794892F}
		{29A8DE87-B667-4FFA-B4DE-436FDFC9121D} = {A84414DE-E851-4B70-BD7E-00365B84BF92}
		{03DF594E-1ED9-4DBA-A3A8-3C2DC6D5D1A0} = {385337CE-75A3-4A73-B77A-B0B74794892F}
		{65A02630-54FE-41BD-A3B1-CDE2708E6D75} = {03DF594E-1ED9-4DBA-A3A8-3C2DC6D5D1A0}
		{4F5AE1E7-F497-416D-ADB9-7EE3AF2E8351} = {385337CE-75A3-4A73-B77A-B0B74794892F}
		{5FA59AA6-3676-4956-8D3D-6AE7F95975C0} = {4F5AE1E7-F497-416D-ADB9-7EE3AF2E8351}
		{7B6D5AF4-CA09-4382-B886-7C08B10E7B96} = {4F5AE1E7-F497-416D-ADB9-7EE3AF2E8351}
		{9C86D3A2-CD15-47DB-8E3B-D4C0151C420E} = {385337CE-75A3-4A73-B77A-B0B74794892F}
		{E0BACC47-89C6-486C-ACF6-4F9F2424544E} = {9C86D3A2-CD15-47DB-8E3B-D4C0151C420E}
		{70880D26-A6F8-4FBA-8E1C-C97983A84617} = {9C86D3A2-CD15-47DB-8E3B-D4C0151C420E}
		{8AC79646-1DC3-416C-B0FA-10EB9BB2115A} = {9C86D3A2-CD15-47DB-8E3B-D4C0151C420E}
		{1C85BB3C-33D6-4F72-B5AF-A5980B2B0A4A} = {9C86D3A2-CD15-47DB-8E3B-D4C0151C420E}
		{2C50B81E-25FE-4D7F-AB0D-2D63EE3A40C9} = {F0851B8C-3FCB-40E6-995C-804EC57E3434}
	EndGlobalSection
	GlobalSection(ExtensibilityGlobals) = postSolution
		SolutionGuid = {03E1F835-2EBF-45C3-9978-A2EB2541602B}
	EndGlobalSection
EndGlobal
